
Microsoft Visual Studio Solution File, Format Version 12.00
# Visual Studio 15
VisualStudioVersion = 15.0.28307.438
MinimumVisualStudioVersion = 10.0.40219.1
Project("{FAE04EC0-301F-11D3-BF4B-00C04F79EFBC}") = "PostLap_6_122153", "PostLap_6_122153\PostLap_6_122153.csproj", "{EC1BC436-D4F5-4777-AFD5-5E16A5A537E4}"
EndProject
Global
	GlobalSection(SolutionConfigurationPlatforms) = preSolution
		Debug|Any CPU = Debug|Any CPU
		Release|Any CPU = Release|Any CPU
	EndGlobalSection
	GlobalSection(ProjectConfigurationPlatforms) = postSolution
		{EC1BC436-D4F5-4777-AFD5-5E16A5A537E4}.Debug|Any CPU.ActiveCfg = Debug|Any CPU
		{EC1BC436-D4F5-4777-AFD5-5E16A5A537E4}.Debug|Any CPU.Build.0 = Debug|Any CPU
		{EC1BC436-D4F5-4777-AFD5-5E16A5A537E4}.Release|Any CPU.ActiveCfg = Release|Any CPU
		{EC1BC436-D4F5-4777-AFD5-5E16A5A537E4}.Release|Any CPU.Build.0 = Release|Any CPU
	EndGlobalSection
	GlobalSection(SolutionProperties) = preSolution
		HideSolutionNode = FALSE
	EndGlobalSection
	GlobalSection(ExtensibilityGlobals) = postSolution
		SolutionGuid = {8B9BBE15-3E8C-469D-90F7-AD2C9D01CC59}
	EndGlobalSection
EndGlobal
