
Microsoft Visual Studio Solution File, Format Version 12.00
# Visual Studio 2012
Project("{FAE04EC0-301F-11D3-BF4B-00C04F79EFBC}") = "task 3-2", "task 3-2\task 3-2.csproj", "{3CEA7457-EEAC-4876-A3CE-B11A8D849290}"
EndProject
Global
	GlobalSection(SolutionConfigurationPlatforms) = preSolution
		Debug|Any CPU = Debug|Any CPU
		Release|Any CPU = Release|Any CPU
	EndGlobalSection
	GlobalSection(ProjectConfigurationPlatforms) = postSolution
		{3CEA7457-EEAC-4876-A3CE-B11A8D849290}.Debug|Any CPU.ActiveCfg = Debug|Any CPU
		{3CEA7457-EEAC-4876-A3CE-B11A8D849290}.Debug|Any CPU.Build.0 = Debug|Any CPU
		{3CEA7457-EEAC-4876-A3CE-B11A8D849290}.Release|Any CPU.ActiveCfg = Release|Any CPU
		{3CEA7457-EEAC-4876-A3CE-B11A8D849290}.Release|Any CPU.Build.0 = Release|Any CPU
	EndGlobalSection
	GlobalSection(SolutionProperties) = preSolution
		HideSolutionNode = FALSE
	EndGlobalSection
EndGlobal
