
Microsoft Visual Studio Solution File, Format Version 12.00
# Visual Studio 15
VisualStudioVersion = 15.0.28307.438
MinimumVisualStudioVersion = 10.0.40219.1
Project("{FAE04EC0-301F-11D3-BF4B-00C04F79EFBC}") = "POST LAP 2", "POST LAP 2\POST LAP 2.csproj", "{ACAAC585-99A2-4B2C-8146-4299713BC238}"
EndProject
Global
	GlobalSection(SolutionConfigurationPlatforms) = preSolution
		Debug|Any CPU = Debug|Any CPU
		Release|Any CPU = Release|Any CPU
	EndGlobalSection
	GlobalSection(ProjectConfigurationPlatforms) = postSolution
		{ACAAC585-99A2-4B2C-8146-4299713BC238}.Debug|Any CPU.ActiveCfg = Debug|Any CPU
		{ACAAC585-99A2-4B2C-8146-4299713BC238}.Debug|Any CPU.Build.0 = Debug|Any CPU
		{ACAAC585-99A2-4B2C-8146-4299713BC238}.Release|Any CPU.ActiveCfg = Release|Any CPU
		{ACAAC585-99A2-4B2C-8146-4299713BC238}.Release|Any CPU.Build.0 = Release|Any CPU
	EndGlobalSection
	GlobalSection(SolutionProperties) = preSolution
		HideSolutionNode = FALSE
	EndGlobalSection
	GlobalSection(ExtensibilityGlobals) = postSolution
		SolutionGuid = {C32F62EC-C0CA-4F1B-87D1-5525E4B6280F}
	EndGlobalSection
EndGlobal
