
Microsoft Visual Studio Solution File, Format Version 12.00
# Visual Studio 15
VisualStudioVersion = 15.0.28307.438
MinimumVisualStudioVersion = 10.0.40219.1
Project("{FAE04EC0-301F-11D3-BF4B-00C04F79EFBC}") = "Grocery-Store", "Grocery-Store\Grocery-Store.csproj", "{C04EDE04-09DB-44CE-BC4D-010524F05FA6}"
EndProject
Global
	GlobalSection(SolutionConfigurationPlatforms) = preSolution
		Debug|Any CPU = Debug|Any CPU
		Release|Any CPU = Release|Any CPU
	EndGlobalSection
	GlobalSection(ProjectConfigurationPlatforms) = postSolution
		{C04EDE04-09DB-44CE-BC4D-010524F05FA6}.Debug|Any CPU.ActiveCfg = Debug|Any CPU
		{C04EDE04-09DB-44CE-BC4D-010524F05FA6}.Debug|Any CPU.Build.0 = Debug|Any CPU
		{C04EDE04-09DB-44CE-BC4D-010524F05FA6}.Release|Any CPU.ActiveCfg = Release|Any CPU
		{C04EDE04-09DB-44CE-BC4D-010524F05FA6}.Release|Any CPU.Build.0 = Release|Any CPU
	EndGlobalSection
	GlobalSection(SolutionProperties) = preSolution
		HideSolutionNode = FALSE
	EndGlobalSection
	GlobalSection(ExtensibilityGlobals) = postSolution
		SolutionGuid = {E028738B-A962-4F3C-9644-CFB863591A42}
	EndGlobalSection
EndGlobal
