
Microsoft Visual Studio Solution File, Format Version 12.00
# Visual Studio 15
VisualStudioVersion = 15.0.28307.438
MinimumVisualStudioVersion = 10.0.40219.1
Project("{FAE04EC0-301F-11D3-BF4B-00C04F79EFBC}") = "Game", "Game\Game.csproj", "{154FECE7-CC5B-4566-99CA-683C5A2376F0}"
EndProject
Global
	GlobalSection(SolutionConfigurationPlatforms) = preSolution
		Debug|Any CPU = Debug|Any CPU
		Release|Any CPU = Release|Any CPU
	EndGlobalSection
	GlobalSection(ProjectConfigurationPlatforms) = postSolution
		{154FECE7-CC5B-4566-99CA-683C5A2376F0}.Debug|Any CPU.ActiveCfg = Debug|Any CPU
		{154FECE7-CC5B-4566-99CA-683C5A2376F0}.Debug|Any CPU.Build.0 = Debug|Any CPU
		{154FECE7-CC5B-4566-99CA-683C5A2376F0}.Release|Any CPU.ActiveCfg = Release|Any CPU
		{154FECE7-CC5B-4566-99CA-683C5A2376F0}.Release|Any CPU.Build.0 = Release|Any CPU
	EndGlobalSection
	GlobalSection(SolutionProperties) = preSolution
		HideSolutionNode = FALSE
	EndGlobalSection
	GlobalSection(ExtensibilityGlobals) = postSolution
		SolutionGuid = {DB9CE5E5-B9A4-4EDD-B804-67941F5305B5}
	EndGlobalSection
EndGlobal
